
Microsoft Visual Studio Solution File, Format Version 12.00
# Visual Studio Version 16
VisualStudioVersion = 16.0.31624.102
MinimumVisualStudioVersion = 10.0.40219.1
Project("{FAE04EC0-301F-11D3-BF4B-00C04F79EFBC}") = "Exercise17", "Exercise17\Exercise17.csproj", "{169DE8A0-7567-4AF7-AC44-3C590A6569DD}"
EndProject
Global
	GlobalSection(SolutionConfigurationPlatforms) = preSolution
		Debug|Any CPU = Debug|Any CPU
		Release|Any CPU = Release|Any CPU
	EndGlobalSection
	GlobalSection(ProjectConfigurationPlatforms) = postSolution
		{169DE8A0-7567-4AF7-AC44-3C590A6569DD}.Debug|Any CPU.ActiveCfg = Debug|Any CPU
		{169DE8A0-7567-4AF7-AC44-3C590A6569DD}.Debug|Any CPU.Build.0 = Debug|Any CPU
		{169DE8A0-7567-4AF7-AC44-3C590A6569DD}.Release|Any CPU.ActiveCfg = Release|Any CPU
		{169DE8A0-7567-4AF7-AC44-3C590A6569DD}.Release|Any CPU.Build.0 = Release|Any CPU
	EndGlobalSection
	GlobalSection(SolutionProperties) = preSolution
		HideSolutionNode = FALSE
	EndGlobalSection
	GlobalSection(ExtensibilityGlobals) = postSolution
		SolutionGuid = {19B86B6C-86AD-4378-B419-02AE9660533E}
	EndGlobalSection
EndGlobal
